// !$*UTF8*$!
{
	archiveVersion = 1;
	classes = {
	};
	objectVersion = 46;
	objects = {

/* Begin PBXBuildFile section */
		5D6847231EF379DE00EBF6D8 /* main.m in Sources */ = {isa = PBXBuildFile; fileRef = 5D6847221EF379DE00EBF6D8 /* main.m */; };
		5D6847261EF379DE00EBF6D8 /* AppDelegate.m in Sources */ = {isa = PBXBuildFile; fileRef = 5D6847251EF379DE00EBF6D8 /* AppDelegate.m */; };
		5D6847291EF379DE00EBF6D8 /* ViewController.m in Sources */ = {isa = PBXBuildFile; fileRef = 5D6847281EF379DE00EBF6D8 /* ViewController.m */; };
		5D68472C1EF379DE00EBF6D8 /* Main.storyboard in Resources */ = {isa = PBXBuildFile; fileRef = 5D68472A1EF379DE00EBF6D8 /* Main.storyboard */; };
		5D68472E1EF379DE00EBF6D8 /* Assets.xcassets in Resources */ = {isa = PBXBuildFile; fileRef = 5D68472D1EF379DE00EBF6D8 /* Assets.xcassets */; };
		5D6847311EF379DE00EBF6D8 /* LaunchScreen.storyboard in Resources */ = {isa = PBXBuildFile; fileRef = 5D68472F1EF379DE00EBF6D8 /* LaunchScreen.storyboard */; };
		5D68473A1EF37ADD00EBF6D8 /* ZXCollectionViewController.m in Sources */ = {isa = PBXBuildFile; fileRef = 5D6847391EF37ADD00EBF6D8 /* ZXCollectionViewController.m */; };
		5D68473D1EF37B6A00EBF6D8 /* ZXWaterflowLayout.m in Sources */ = {isa = PBXBuildFile; fileRef = 5D68473C1EF37B6A00EBF6D8 /* ZXWaterflowLayout.m */; };
/* End PBXBuildFile section */

/* Begin PBXFileReference section */
		5D68471E1EF379DE00EBF6D8 /* 简单瀑布流.app */ = {isa = PBXFileReference; explicitFileType = wrapper.application; includeInIndex = 0; path = "简单瀑布流.app"; sourceTree = BUILT_PRODUCTS_DIR; };
		5D6847221EF379DE00EBF6D8 /* main.m */ = {isa = PBXFileReference; lastKnownFileType = sourcecode.c.objc; path = main.m; sourceTree = "<group>"; };
		5D6847241EF379DE00EBF6D8 /* AppDelegate.h */ = {isa = PBXFileReference; lastKnownFileType = sourcecode.c.h; path = AppDelegate.h; sourceTree = "<group>"; };
		5D6847251EF379DE00EBF6D8 /* AppDelegate.m */ = {isa = PBXFileReference; lastKnownFileType = sourcecode.c.objc; path = AppDelegate.m; sourceTree = "<group>"; };
		5D6847271EF379DE00EBF6D8 /* ViewController.h */ = {isa = PBXFileReference; lastKnownFileType = sourcecode.c.h; path = ViewController.h; sourceTree = "<group>"; };
		5D6847281EF379DE00EBF6D8 /* ViewController.m */ = {isa = PBXFileReference; lastKnownFileType = sourcecode.c.objc; path = ViewController.m; sourceTree = "<group>"; };
		5D68472B1EF379DE00EBF6D8 /* Base */ = {isa = PBXFileReference; lastKnownFileType = file.storyboard; name = Base; path = Base.lproj/Main.storyboard; sourceTree = "<group>"; };
		5D68472D1EF379DE00EBF6D8 /* Assets.xcassets */ = {isa = PBXFileReference; lastKnownFileType = folder.assetcatalog; path = Assets.xcassets; sourceTree = "<group>"; };
		5D6847301EF379DE00EBF6D8 /* Base */ = {isa = PBXFileReference; lastKnownFileType = file.storyboard; name = Base; path = Base.lproj/LaunchScreen.storyboard; sourceTree = "<group>"; };
		5D6847321EF379DE00EBF6D8 /* Info.plist */ = {isa = PBXFileReference; lastKnownFileType = text.plist.xml; path = Info.plist; sourceTree = "<group>"; };
		5D6847381EF37ADD00EBF6D8 /* ZXCollectionViewController.h */ = {isa = PBXFileReference; fileEncoding = 4; lastKnownFileType = sourcecode.c.h; path = ZXCollectionViewController.h; sourceTree = "<group>"; };
		5D6847391EF37ADD00EBF6D8 /* ZXCollectionViewController.m */ = {isa = PBXFileReference; fileEncoding = 4; lastKnownFileType = sourcecode.c.objc; path = ZXCollectionViewController.m; sourceTree = "<group>"; };
		5D68473B1EF37B6A00EBF6D8 /* ZXWaterflowLayout.h */ = {isa = PBXFileReference; fileEncoding = 4; lastKnownFileType = sourcecode.c.h; path = ZXWaterflowLayout.h; sourceTree = "<group>"; };
		5D68473C1EF37B6A00EBF6D8 /* ZXWaterflowLayout.m */ = {isa = PBXFileReference; fileEncoding = 4; lastKnownFileType = sourcecode.c.objc; path = ZXWaterflowLayout.m; sourceTree = "<group>"; };
/* End PBXFileReference section */

/* Begin PBXFrameworksBuildPhase section */
		5D68471B1EF379DE00EBF6D8 /* Frameworks */ = {
			isa = PBXFrameworksBuildPhase;
			buildActionMask = 2147483647;
			files = (
			);
			runOnlyForDeploymentPostprocessing = 0;
		};
/* End PBXFrameworksBuildPhase section */

/* Begin PBXGroup section */
		5D6847151EF379DE00EBF6D8 = {
			isa = PBXGroup;
			children = (
				5D6847201EF379DE00EBF6D8 /* 简单瀑布流 */,
				5D68471F1EF379DE00EBF6D8 /* Products */,
			);
			sourceTree = "<group>";
		};
		5D68471F1EF379DE00EBF6D8 /* Products */ = {
			isa = PBXGroup;
			children = (
				5D68471E1EF379DE00EBF6D8 /* 简单瀑布流.app */,
			);
			name = Products;
			sourceTree = "<group>";
		};
		5D6847201EF379DE00EBF6D8 /* 简单瀑布流 */ = {
			isa = PBXGroup;
			children = (
				5D6847241EF379DE00EBF6D8 /* AppDelegate.h */,
				5D6847251EF379DE00EBF6D8 /* AppDelegate.m */,
				5D6847271EF379DE00EBF6D8 /* ViewController.h */,
				5D6847281EF379DE00EBF6D8 /* ViewController.m */,
				5D6847381EF37ADD00EBF6D8 /* ZXCollectionViewController.h */,
				5D6847391EF37ADD00EBF6D8 /* ZXCollectionViewController.m */,
				5D68473B1EF37B6A00EBF6D8 /* ZXWaterflowLayout.h */,
				5D68473C1EF37B6A00EBF6D8 /* ZXWaterflowLayout.m */,
				5D68472A1EF379DE00EBF6D8 /* Main.storyboard */,
				5D68472D1EF379DE00EBF6D8 /* Assets.xcassets */,
				5D68472F1EF379DE00EBF6D8 /* LaunchScreen.storyboard */,
				5D6847321EF379DE00EBF6D8 /* Info.plist */,
				5D6847211EF379DE00EBF6D8 /* Supporting Files */,
			);
			path = "简单瀑布流";
			sourceTree = "<group>";
		};
		5D6847211EF379DE00EBF6D8 /* Supporting Files */ = {
			isa = PBXGroup;
			children = (
				5D6847221EF379DE00EBF6D8 /* main.m */,
			);
			name = "Supporting Files";
			sourceTree = "<group>";
		};
/* End PBXGroup section */

/* Begin PBXNativeTarget section */
		5D68471D1EF379DE00EBF6D8 /* 简单瀑布流 */ = {
			isa = PBXNativeTarget;
			buildConfigurationList = 5D6847351EF379DE00EBF6D8 /* Build configuration list for PBXNativeTarget "简单瀑布流" */;
			buildPhases = (
				5D68471A1EF379DE00EBF6D8 /* Sources */,
				5D68471B1EF379DE00EBF6D8 /* Frameworks */,
				5D68471C1EF379DE00EBF6D8 /* Resources */,
			);
			buildRules = (
			);
			dependencies = (
			);
			name = "简单瀑布流";
			productName = "简单瀑布流";
			productReference = 5D68471E1EF379DE00EBF6D8 /* 简单瀑布流.app */;
			productType = "com.apple.product-type.application";
		};
/* End PBXNativeTarget section */

/* Begin PBXProject section */
		5D6847161EF379DE00EBF6D8 /* Project object */ = {
			isa = PBXProject;
			attributes = {
				LastUpgradeCheck = 0830;
				ORGANIZATIONNAME = zhangxing;
				TargetAttributes = {
					5D68471D1EF379DE00EBF6D8 = {
						CreatedOnToolsVersion = 8.3.3;
						ProvisioningStyle = Automatic;
					};
				};
			};
			buildConfigurationList = 5D6847191EF379DE00EBF6D8 /* Build configuration list for PBXProject "简单瀑布流" */;
			compatibilityVersion = "Xcode 3.2";
			developmentRegion = English;
			hasScannedForEncodings = 0;
			knownRegions = (
				en,
				Base,
			);
			mainGroup = 5D6847151EF379DE00EBF6D8;
			productRefGroup = 5D68471F1EF379DE00EBF6D8 /* Products */;
			projectDirPath = "";
			projectRoot = "";
			targets = (
				5D68471D1EF379DE00EBF6D8 /* 简单瀑布流 */,
			);
		};
/* End PBXProject section */

/* Begin PBXResourcesBuildPhase section */
		5D68471C1EF379DE00EBF6D8 /* Resources */ = {
			isa = PBXResourcesBuildPhase;
			buildActionMask = 2147483647;
			files = (
				5D6847311EF379DE00EBF6D8 /* LaunchScreen.storyboard in Resources */,
				5D68472E1EF379DE00EBF6D8 /* Assets.xcassets in Resources */,
				5D68472C1EF379DE00EBF6D8 /* Main.storyboard in Resources */,
			);
			runOnlyForDeploymentPostprocessing = 0;
		};
/* End PBXResourcesBuildPhase section */

/* Begin PBXSourcesBuildPhase section */
		5D68471A1EF379DE00EBF6D8 /* Sources */ = {
			isa = PBXSourcesBuildPhase;
			buildActionMask = 2147483647;
			files = (
				5D68473A1EF37ADD00EBF6D8 /* ZXCollectionViewController.m in Sources */,
				5D68473D1EF37B6A00EBF6D8 /* ZXWaterflowLayout.m in Sources */,
				5D6847291EF379DE00EBF6D8 /* ViewController.m in Sources */,
				5D6847261EF379DE00EBF6D8 /* AppDelegate.m in Sources */,
				5D6847231EF379DE00EBF6D8 /* main.m in Sources */,
			);
			runOnlyForDeploymentPostprocessing = 0;
		};
/* End PBXSourcesBuildPhase section */

/* Begin PBXVariantGroup section */
		5D68472A1EF379DE00EBF6D8 /* Main.storyboard */ = {
			isa = PBXVariantGroup;
			children = (
				5D68472B1EF379DE00EBF6D8 /* Base */,
			);
			name = Main.storyboard;
			sourceTree = "<group>";
		};
		5D68472F1EF379DE00EBF6D8 /* LaunchScreen.storyboard */ = {
			isa = PBXVariantGroup;
			children = (
				5D6847301EF379DE00EBF6D8 /* Base */,
			);
			name = LaunchScreen.storyboard;
			sourceTree = "<group>";
		};
/* End PBXVariantGroup section */

/* Begin XCBuildConfiguration section */
		5D6847331EF379DE00EBF6D8 /* Debug */ = {
			isa = XCBuildConfiguration;
			buildSettings = {
				ALWAYS_SEARCH_USER_PATHS = NO;
				CLANG_ANALYZER_NONNULL = YES;
				CLANG_ANALYZER_NUMBER_OBJECT_CONVERSION = YES_AGGRESSIVE;
				CLANG_CXX_LANGUAGE_STANDARD = "gnu++0x";
				CLANG_CXX_LIBRARY = "libc++";
				CLANG_ENABLE_MODULES = YES;
				CLANG_ENABLE_OBJC_ARC = YES;
				CLANG_WARN_BOOL_CONVERSION = YES;
				CLANG_WARN_CONSTANT_CONVERSION = YES;
				CLANG_WARN_DIRECT_OBJC_ISA_USAGE = YES_ERROR;
				CLANG_WARN_DOCUMENTATION_COMMENTS = YES;
				CLANG_WARN_EMPTY_BODY = YES;
				CLANG_WARN_ENUM_CONVERSION = YES;
				CLANG_WARN_INFINITE_RECURSION = YES;
				CLANG_WARN_INT_CONVERSION = YES;
				CLANG_WARN_OBJC_ROOT_CLASS = YES_ERROR;
				CLANG_WARN_SUSPICIOUS_MOVE = YES;
				CLANG_WARN_UNREACHABLE_CODE = YES;
				CLANG_WARN__DUPLICATE_METHOD_MATCH = YES;
				"CODE_SIGN_IDENTITY[sdk=iphoneos*]" = "iPhone Developer";
				COPY_PHASE_STRIP = NO;
				DEBUG_INFORMATION_FORMAT = dwarf;
				ENABLE_STRICT_OBJC_MSGSEND = YES;
				ENABLE_TESTABILITY = YES;
				GCC_C_LANGUAGE_STANDARD = gnu99;
				GCC_DYNAMIC_NO_PIC = NO;
				GCC_NO_COMMON_BLOCKS = YES;
				GCC_OPTIMIZATION_LEVEL = 0;
				GCC_PREPROCESSOR_DEFINITIONS = (
					"DEBUG=1",
					"$(inherited)",
				);
				GCC_WARN_64_TO_32_BIT_CONVERSION = YES;
				GCC_WARN_ABOUT_RETURN_TYPE = YES_ERROR;
				GCC_WARN_UNDECLARED_SELECTOR = YES;
				GCC_WARN_UNINITIALIZED_AUTOS = YES_AGGRESSIVE;
				GCC_WARN_UNUSED_FUNCTION = YES;
				GCC_WARN_UNUSED_VARIABLE = YES;
				IPHONEOS_DEPLOYMENT_TARGET = 10.3;
				MTL_ENABLE_DEBUG_INFO = YES;
				ONLY_ACTIVE_ARCH = YES;
				SDKROOT = iphoneos;
			};
			name = Debug;
		};
		5D6847341EF379DE00EBF6D8 /* Release */ = {
			isa = XCBuildConfiguration;
			buildSettings = {
				ALWAYS_SEARCH_USER_PATHS = NO;
				CLANG_ANALYZER_NONNULL = YES;
				CLANG_ANALYZER_NUMBER_OBJECT_CONVERSION = YES_AGGRESSIVE;
				CLANG_CXX_LANGUAGE_STANDARD = "gnu++0x";
				CLANG_CXX_LIBRARY = "libc++";
				CLANG_ENABLE_MODULES = YES;
				CLANG_ENABLE_OBJC_ARC = YES;
				CLANG_WARN_BOOL_CONVERSION = YES;
				CLANG_WARN_CONSTANT_CONVERSION = YES;
				CLANG_WARN_DIRECT_OBJC_ISA_USAGE = YES_ERROR;
				CLANG_WARN_DOCUMENTATION_COMMENTS = YES;
				CLANG_WARN_EMPTY_BODY = YES;
				CLANG_WARN_ENUM_CONVERSION = YES;
				CLANG_WARN_INFINITE_RECURSION = YES;
				CLANG_WARN_INT_CONVERSION = YES;
				CLANG_WARN_OBJC_ROOT_CLASS = YES_ERROR;
				CLANG_WARN_SUSPICIOUS_MOVE = YES;
				CLANG_WARN_UNREACHABLE_CODE = YES;
				CLANG_WARN__DUPLICATE_METHOD_MATCH = YES;
				"CODE_SIGN_IDENTITY[sdk=iphoneos*]" = "iPhone Developer";
				COPY_PHASE_STRIP = NO;
				DEBUG_INFORMATION_FORMAT = "dwarf-with-dsym";
				ENABLE_NS_ASSERTIONS = NO;
				ENABLE_STRICT_OBJC_MSGSEND = YES;
				GCC_C_LANGUAGE_STANDARD = gnu99;
				GCC_NO_COMMON_BLOCKS = YES;
				GCC_WARN_64_TO_32_BIT_CONVERSION = YES;
				GCC_WARN_ABOUT_RETURN_TYPE = YES_ERROR;
				GCC_WARN_UNDECLARED_SELECTOR = YES;
				GCC_WARN_UNINITIALIZED_AUTOS = YES_AGGRESSIVE;
				GCC_WARN_UNUSED_FUNCTION = YES;
				GCC_WARN_UNUSED_VARIABLE = YES;
				IPHONEOS_DEPLOYMENT_TARGET = 10.3;
				MTL_ENABLE_DEBUG_INFO = NO;
				SDKROOT = iphoneos;
				VALIDATE_PRODUCT = YES;
			};
			name = Release;
		};
		5D6847361EF379DE00EBF6D8 /* Debug */ = {
			isa = XCBuildConfiguration;
			buildSettings = {
				ASSETCATALOG_COMPILER_APPICON_NAME = AppIcon;
				INFOPLIST_FILE = "简单瀑布流/Info.plist";
				LD_RUNPATH_SEARCH_PATHS = "$(inherited) @executable_path/Frameworks";
				PRODUCT_BUNDLE_IDENTIFIER = "com.zhangxing.-----";
				PRODUCT_NAME = "$(TARGET_NAME)";
			};
			name = Debug;
		};
		5D6847371EF379DE00EBF6D8 /* Release */ = {
			isa = XCBuildConfiguration;
			buildSettings = {
				ASSETCATALOG_COMPILER_APPICON_NAME = AppIcon;
				INFOPLIST_FILE = "简单瀑布流/Info.plist";
				LD_RUNPATH_SEARCH_PATHS = "$(inherited) @executable_path/Frameworks";
				PRODUCT_BUNDLE_IDENTIFIER = "com.zhangxing.-----";
				PRODUCT_NAME = "$(TARGET_NAME)";
			};
			name = Release;
		};
/* End XCBuildConfiguration section */

/* Begin XCConfigurationList section */
		5D6847191EF379DE00EBF6D8 /* Build configuration list for PBXProject "简单瀑布流" */ = {
			isa = XCConfigurationList;
			buildConfigurations = (
				5D6847331EF379DE00EBF6D8 /* Debug */,
				5D6847341EF379DE00EBF6D8 /* Release */,
			);
			defaultConfigurationIsVisible = 0;
			defaultConfigurationName = Release;
		};
		5D6847351EF379DE00EBF6D8 /* Build configuration list for PBXNativeTarget "简单瀑布流" */ = {
			isa = XCConfigurationList;
			buildConfigurations = (
				5D6847361EF379DE00EBF6D8 /* Debug */,
				5D6847371EF379DE00EBF6D8 /* Release */,
			);
			defaultConfigurationIsVisible = 0;
		};
/* End XCConfigurationList section */
	};
	rootObject = 5D6847161EF379DE00EBF6D8 /* Project object */;
}
